
Microsoft Visual Studio Solution File, Format Version 12.00
# Visual Studio Express 2012 for Windows Desktop
Project("{8BC9CEB8-8B4A-11D0-8D11-00A0C91BC942}") = "transparent_background", "transparent_background\transparent_background.vcxproj", "{8FB9F59C-26ED-48DA-BE38-8906899FA368}"
EndProject
Project("{8BC9CEB8-8B4A-11D0-8D11-00A0C91BC942}") = "triangle_with_color", "triangle_with_color\triangle_with_color.vcxproj", "{D70308E8-D1D9-4EDB-A26B-A95A4C3F3A3D}"
EndProject
Project("{8BC9CEB8-8B4A-11D0-8D11-00A0C91BC942}") = "triangle_vertexbuffer", "triangle_vertexbuffer\triangle_vertexbuffer.vcxproj", "{8FBB25F5-D590-40AD-A3BB-FE120084D275}"
EndProject
Project("{8BC9CEB8-8B4A-11D0-8D11-00A0C91BC942}") = "triangle_indexbuffer", "triangle_indexbuffer\triangle_indexbuffer.vcxproj", "{FB6704E6-18B9-41AC-A5C6-0C1FE65AAF31}"
EndProject
Project("{8BC9CEB8-8B4A-11D0-8D11-00A0C91BC942}") = "triangle_wireframe", "triangle_wireframe\triangle_wireframe.vcxproj", "{E3DBB100-0C2B-4573-8644-2ABBB6CD9FBC}"
EndProject
Project("{8BC9CEB8-8B4A-11D0-8D11-00A0C91BC942}") = "shader_hardcode", "shader_hardcode\shader_hardcode.vcxproj", "{423768E8-C930-449E-9CAA-AAEB39385B03}"
EndProject
Project("{8BC9CEB8-8B4A-11D0-8D11-00A0C91BC942}") = "triangle_shader", "shader_readfile\shader_readfile.vcxproj", "{A70B5D22-13D4-4E8D-B771-21B0F8A14B9C}"
EndProject
Project("{8BC9CEB8-8B4A-11D0-8D11-00A0C91BC942}") = "shader_colorbuffer", "shader_colorbuffer\shader_colorbuffer.vcxproj", "{062F15BB-84A0-460D-B77D-3D831FEA1A89}"
EndProject
Project("{8BC9CEB8-8B4A-11D0-8D11-00A0C91BC942}") = "transform", "transform\transform.vcxproj", "{148F751D-112B-4861-B2DB-E48BF1B4431C}"
EndProject
Project("{8BC9CEB8-8B4A-11D0-8D11-00A0C91BC942}") = "cube", "cube\cube.vcxproj", "{1DA18358-404F-4819-99DE-4B997A538803}"
EndProject
Project("{8BC9CEB8-8B4A-11D0-8D11-00A0C91BC942}") = "texture_cube", "texture_cube\texture_cube.vcxproj", "{DE1C6785-25E9-4831-BD3F-A3B0B38897C0}"
EndProject
Project("{8BC9CEB8-8B4A-11D0-8D11-00A0C91BC942}") = "lighting_diffuse", "lighting_diffuse\lighting_diffuse.vcxproj", "{1F7DE772-C7BF-48B3-875D-BF16B96DEBB0}"
EndProject
Project("{8BC9CEB8-8B4A-11D0-8D11-00A0C91BC942}") = "geometry_square", "geometry_square\geometry_square.vcxproj", "{7982C01A-6F82-44F4-ABB7-A75AE625248D}"
EndProject
Project("{8BC9CEB8-8B4A-11D0-8D11-00A0C91BC942}") = "texture_screenquad", "texture_screenquad\texture_screenquad.vcxproj", "{993EB5A8-B6D9-4D39-B54E-2315E0E33654}"
EndProject
Project("{8BC9CEB8-8B4A-11D0-8D11-00A0C91BC942}") = "fragmentshader_circle", "fragmentshader_circle\fragmentshader_circle.vcxproj", "{8369562D-6C68-4FEF-A3C0-645CFA8A8B4F}"
EndProject
Project("{8BC9CEB8-8B4A-11D0-8D11-00A0C91BC942}") = "depth_buffer", "depth_buffer\depth_buffer.vcxproj", "{E5084452-28A8-494D-8778-6807F239DB98}"
EndProject
Project("{8BC9CEB8-8B4A-11D0-8D11-00A0C91BC942}") = "face_culling", "face_culling\face_culling.vcxproj", "{3E78EAAB-E349-47F8-A35E-E9526C2B1BBD}"
EndProject
Project("{8BC9CEB8-8B4A-11D0-8D11-00A0C91BC942}") = "glfw_basic", "glfw_basic\glfw_basic.vcxproj", "{4D2C0B57-82D6-438E-B7E7-647839E70B76}"
EndProject
Project("{8BC9CEB8-8B4A-11D0-8D11-00A0C91BC942}") = "glfw_static_link", "glfw_static_link\glfw_static_link.vcxproj", "{B88366B6-ADDD-487B-9E6E-D1C651EA81C7}"
EndProject
Global
	GlobalSection(SolutionConfigurationPlatforms) = preSolution
		Debug|Any CPU = Debug|Any CPU
		Debug|Mixed Platforms = Debug|Mixed Platforms
		Debug|Win32 = Debug|Win32
		Release|Any CPU = Release|Any CPU
		Release|Mixed Platforms = Release|Mixed Platforms
		Release|Win32 = Release|Win32
	EndGlobalSection
	GlobalSection(ProjectConfigurationPlatforms) = postSolution
		{8FB9F59C-26ED-48DA-BE38-8906899FA368}.Debug|Any CPU.ActiveCfg = Debug|Win32
		{8FB9F59C-26ED-48DA-BE38-8906899FA368}.Debug|Mixed Platforms.ActiveCfg = Debug|Win32
		{8FB9F59C-26ED-48DA-BE38-8906899FA368}.Debug|Mixed Platforms.Build.0 = Debug|Win32
		{8FB9F59C-26ED-48DA-BE38-8906899FA368}.Debug|Win32.ActiveCfg = Debug|Win32
		{8FB9F59C-26ED-48DA-BE38-8906899FA368}.Debug|Win32.Build.0 = Debug|Win32
		{8FB9F59C-26ED-48DA-BE38-8906899FA368}.Release|Any CPU.ActiveCfg = Release|Win32
		{8FB9F59C-26ED-48DA-BE38-8906899FA368}.Release|Mixed Platforms.ActiveCfg = Release|Win32
		{8FB9F59C-26ED-48DA-BE38-8906899FA368}.Release|Mixed Platforms.Build.0 = Release|Win32
		{8FB9F59C-26ED-48DA-BE38-8906899FA368}.Release|Win32.ActiveCfg = Release|Win32
		{8FB9F59C-26ED-48DA-BE38-8906899FA368}.Release|Win32.Build.0 = Release|Win32
		{D70308E8-D1D9-4EDB-A26B-A95A4C3F3A3D}.Debug|Any CPU.ActiveCfg = Debug|Win32
		{D70308E8-D1D9-4EDB-A26B-A95A4C3F3A3D}.Debug|Mixed Platforms.ActiveCfg = Debug|Win32
		{D70308E8-D1D9-4EDB-A26B-A95A4C3F3A3D}.Debug|Mixed Platforms.Build.0 = Debug|Win32
		{D70308E8-D1D9-4EDB-A26B-A95A4C3F3A3D}.Debug|Win32.ActiveCfg = Debug|Win32
		{D70308E8-D1D9-4EDB-A26B-A95A4C3F3A3D}.Debug|Win32.Build.0 = Debug|Win32
		{D70308E8-D1D9-4EDB-A26B-A95A4C3F3A3D}.Release|Any CPU.ActiveCfg = Release|Win32
		{D70308E8-D1D9-4EDB-A26B-A95A4C3F3A3D}.Release|Mixed Platforms.ActiveCfg = Release|Win32
		{D70308E8-D1D9-4EDB-A26B-A95A4C3F3A3D}.Release|Mixed Platforms.Build.0 = Release|Win32
		{D70308E8-D1D9-4EDB-A26B-A95A4C3F3A3D}.Release|Win32.ActiveCfg = Release|Win32
		{D70308E8-D1D9-4EDB-A26B-A95A4C3F3A3D}.Release|Win32.Build.0 = Release|Win32
		{8FBB25F5-D590-40AD-A3BB-FE120084D275}.Debug|Any CPU.ActiveCfg = Debug|Win32
		{8FBB25F5-D590-40AD-A3BB-FE120084D275}.Debug|Mixed Platforms.ActiveCfg = Debug|Win32
		{8FBB25F5-D590-40AD-A3BB-FE120084D275}.Debug|Mixed Platforms.Build.0 = Debug|Win32
		{8FBB25F5-D590-40AD-A3BB-FE120084D275}.Debug|Win32.ActiveCfg = Debug|Win32
		{8FBB25F5-D590-40AD-A3BB-FE120084D275}.Debug|Win32.Build.0 = Debug|Win32
		{8FBB25F5-D590-40AD-A3BB-FE120084D275}.Release|Any CPU.ActiveCfg = Release|Win32
		{8FBB25F5-D590-40AD-A3BB-FE120084D275}.Release|Mixed Platforms.ActiveCfg = Release|Win32
		{8FBB25F5-D590-40AD-A3BB-FE120084D275}.Release|Mixed Platforms.Build.0 = Release|Win32
		{8FBB25F5-D590-40AD-A3BB-FE120084D275}.Release|Win32.ActiveCfg = Release|Win32
		{8FBB25F5-D590-40AD-A3BB-FE120084D275}.Release|Win32.Build.0 = Release|Win32
		{FB6704E6-18B9-41AC-A5C6-0C1FE65AAF31}.Debug|Any CPU.ActiveCfg = Debug|Win32
		{FB6704E6-18B9-41AC-A5C6-0C1FE65AAF31}.Debug|Mixed Platforms.ActiveCfg = Debug|Win32
		{FB6704E6-18B9-41AC-A5C6-0C1FE65AAF31}.Debug|Mixed Platforms.Build.0 = Debug|Win32
		{FB6704E6-18B9-41AC-A5C6-0C1FE65AAF31}.Debug|Win32.ActiveCfg = Debug|Win32
		{FB6704E6-18B9-41AC-A5C6-0C1FE65AAF31}.Debug|Win32.Build.0 = Debug|Win32
		{FB6704E6-18B9-41AC-A5C6-0C1FE65AAF31}.Release|Any CPU.ActiveCfg = Release|Win32
		{FB6704E6-18B9-41AC-A5C6-0C1FE65AAF31}.Release|Mixed Platforms.ActiveCfg = Release|Win32
		{FB6704E6-18B9-41AC-A5C6-0C1FE65AAF31}.Release|Mixed Platforms.Build.0 = Release|Win32
		{FB6704E6-18B9-41AC-A5C6-0C1FE65AAF31}.Release|Win32.ActiveCfg = Release|Win32
		{FB6704E6-18B9-41AC-A5C6-0C1FE65AAF31}.Release|Win32.Build.0 = Release|Win32
		{E3DBB100-0C2B-4573-8644-2ABBB6CD9FBC}.Debug|Any CPU.ActiveCfg = Debug|Win32
		{E3DBB100-0C2B-4573-8644-2ABBB6CD9FBC}.Debug|Mixed Platforms.ActiveCfg = Debug|Win32
		{E3DBB100-0C2B-4573-8644-2ABBB6CD9FBC}.Debug|Mixed Platforms.Build.0 = Debug|Win32
		{E3DBB100-0C2B-4573-8644-2ABBB6CD9FBC}.Debug|Win32.ActiveCfg = Debug|Win32
		{E3DBB100-0C2B-4573-8644-2ABBB6CD9FBC}.Debug|Win32.Build.0 = Debug|Win32
		{E3DBB100-0C2B-4573-8644-2ABBB6CD9FBC}.Release|Any CPU.ActiveCfg = Release|Win32
		{E3DBB100-0C2B-4573-8644-2ABBB6CD9FBC}.Release|Mixed Platforms.ActiveCfg = Release|Win32
		{E3DBB100-0C2B-4573-8644-2ABBB6CD9FBC}.Release|Mixed Platforms.Build.0 = Release|Win32
		{E3DBB100-0C2B-4573-8644-2ABBB6CD9FBC}.Release|Win32.ActiveCfg = Release|Win32
		{E3DBB100-0C2B-4573-8644-2ABBB6CD9FBC}.Release|Win32.Build.0 = Release|Win32
		{423768E8-C930-449E-9CAA-AAEB39385B03}.Debug|Any CPU.ActiveCfg = Debug|Win32
		{423768E8-C930-449E-9CAA-AAEB39385B03}.Debug|Mixed Platforms.ActiveCfg = Debug|Win32
		{423768E8-C930-449E-9CAA-AAEB39385B03}.Debug|Mixed Platforms.Build.0 = Debug|Win32
		{423768E8-C930-449E-9CAA-AAEB39385B03}.Debug|Win32.ActiveCfg = Debug|Win32
		{423768E8-C930-449E-9CAA-AAEB39385B03}.Debug|Win32.Build.0 = Debug|Win32
		{423768E8-C930-449E-9CAA-AAEB39385B03}.Release|Any CPU.ActiveCfg = Release|Win32
		{423768E8-C930-449E-9CAA-AAEB39385B03}.Release|Mixed Platforms.ActiveCfg = Release|Win32
		{423768E8-C930-449E-9CAA-AAEB39385B03}.Release|Mixed Platforms.Build.0 = Release|Win32
		{423768E8-C930-449E-9CAA-AAEB39385B03}.Release|Win32.ActiveCfg = Release|Win32
		{423768E8-C930-449E-9CAA-AAEB39385B03}.Release|Win32.Build.0 = Release|Win32
		{A70B5D22-13D4-4E8D-B771-21B0F8A14B9C}.Debug|Any CPU.ActiveCfg = Debug|Win32
		{A70B5D22-13D4-4E8D-B771-21B0F8A14B9C}.Debug|Mixed Platforms.ActiveCfg = Debug|Win32
		{A70B5D22-13D4-4E8D-B771-21B0F8A14B9C}.Debug|Mixed Platforms.Build.0 = Debug|Win32
		{A70B5D22-13D4-4E8D-B771-21B0F8A14B9C}.Debug|Win32.ActiveCfg = Debug|Win32
		{A70B5D22-13D4-4E8D-B771-21B0F8A14B9C}.Debug|Win32.Build.0 = Debug|Win32
		{A70B5D22-13D4-4E8D-B771-21B0F8A14B9C}.Release|Any CPU.ActiveCfg = Release|Win32
		{A70B5D22-13D4-4E8D-B771-21B0F8A14B9C}.Release|Mixed Platforms.ActiveCfg = Release|Win32
		{A70B5D22-13D4-4E8D-B771-21B0F8A14B9C}.Release|Mixed Platforms.Build.0 = Release|Win32
		{A70B5D22-13D4-4E8D-B771-21B0F8A14B9C}.Release|Win32.ActiveCfg = Release|Win32
		{A70B5D22-13D4-4E8D-B771-21B0F8A14B9C}.Release|Win32.Build.0 = Release|Win32
		{062F15BB-84A0-460D-B77D-3D831FEA1A89}.Debug|Any CPU.ActiveCfg = Debug|Win32
		{062F15BB-84A0-460D-B77D-3D831FEA1A89}.Debug|Mixed Platforms.ActiveCfg = Debug|Win32
		{062F15BB-84A0-460D-B77D-3D831FEA1A89}.Debug|Mixed Platforms.Build.0 = Debug|Win32
		{062F15BB-84A0-460D-B77D-3D831FEA1A89}.Debug|Win32.ActiveCfg = Debug|Win32
		{062F15BB-84A0-460D-B77D-3D831FEA1A89}.Debug|Win32.Build.0 = Debug|Win32
		{062F15BB-84A0-460D-B77D-3D831FEA1A89}.Release|Any CPU.ActiveCfg = Release|Win32
		{062F15BB-84A0-460D-B77D-3D831FEA1A89}.Release|Mixed Platforms.ActiveCfg = Release|Win32
		{062F15BB-84A0-460D-B77D-3D831FEA1A89}.Release|Mixed Platforms.Build.0 = Release|Win32
		{062F15BB-84A0-460D-B77D-3D831FEA1A89}.Release|Win32.ActiveCfg = Release|Win32
		{062F15BB-84A0-460D-B77D-3D831FEA1A89}.Release|Win32.Build.0 = Release|Win32
		{148F751D-112B-4861-B2DB-E48BF1B4431C}.Debug|Any CPU.ActiveCfg = Debug|Win32
		{148F751D-112B-4861-B2DB-E48BF1B4431C}.Debug|Mixed Platforms.ActiveCfg = Debug|Win32
		{148F751D-112B-4861-B2DB-E48BF1B4431C}.Debug|Mixed Platforms.Build.0 = Debug|Win32
		{148F751D-112B-4861-B2DB-E48BF1B4431C}.Debug|Win32.ActiveCfg = Debug|Win32
		{148F751D-112B-4861-B2DB-E48BF1B4431C}.Debug|Win32.Build.0 = Debug|Win32
		{148F751D-112B-4861-B2DB-E48BF1B4431C}.Release|Any CPU.ActiveCfg = Release|Win32
		{148F751D-112B-4861-B2DB-E48BF1B4431C}.Release|Mixed Platforms.ActiveCfg = Release|Win32
		{148F751D-112B-4861-B2DB-E48BF1B4431C}.Release|Mixed Platforms.Build.0 = Release|Win32
		{148F751D-112B-4861-B2DB-E48BF1B4431C}.Release|Win32.ActiveCfg = Release|Win32
		{148F751D-112B-4861-B2DB-E48BF1B4431C}.Release|Win32.Build.0 = Release|Win32
		{1DA18358-404F-4819-99DE-4B997A538803}.Debug|Any CPU.ActiveCfg = Debug|Win32
		{1DA18358-404F-4819-99DE-4B997A538803}.Debug|Mixed Platforms.ActiveCfg = Debug|Win32
		{1DA18358-404F-4819-99DE-4B997A538803}.Debug|Mixed Platforms.Build.0 = Debug|Win32
		{1DA18358-404F-4819-99DE-4B997A538803}.Debug|Win32.ActiveCfg = Debug|Win32
		{1DA18358-404F-4819-99DE-4B997A538803}.Debug|Win32.Build.0 = Debug|Win32
		{1DA18358-404F-4819-99DE-4B997A538803}.Release|Any CPU.ActiveCfg = Release|Win32
		{1DA18358-404F-4819-99DE-4B997A538803}.Release|Mixed Platforms.ActiveCfg = Release|Win32
		{1DA18358-404F-4819-99DE-4B997A538803}.Release|Mixed Platforms.Build.0 = Release|Win32
		{1DA18358-404F-4819-99DE-4B997A538803}.Release|Win32.ActiveCfg = Release|Win32
		{1DA18358-404F-4819-99DE-4B997A538803}.Release|Win32.Build.0 = Release|Win32
		{DE1C6785-25E9-4831-BD3F-A3B0B38897C0}.Debug|Any CPU.ActiveCfg = Debug|Win32
		{DE1C6785-25E9-4831-BD3F-A3B0B38897C0}.Debug|Mixed Platforms.ActiveCfg = Debug|Win32
		{DE1C6785-25E9-4831-BD3F-A3B0B38897C0}.Debug|Mixed Platforms.Build.0 = Debug|Win32
		{DE1C6785-25E9-4831-BD3F-A3B0B38897C0}.Debug|Win32.ActiveCfg = Debug|Win32
		{DE1C6785-25E9-4831-BD3F-A3B0B38897C0}.Debug|Win32.Build.0 = Debug|Win32
		{DE1C6785-25E9-4831-BD3F-A3B0B38897C0}.Release|Any CPU.ActiveCfg = Release|Win32
		{DE1C6785-25E9-4831-BD3F-A3B0B38897C0}.Release|Mixed Platforms.ActiveCfg = Release|Win32
		{DE1C6785-25E9-4831-BD3F-A3B0B38897C0}.Release|Mixed Platforms.Build.0 = Release|Win32
		{DE1C6785-25E9-4831-BD3F-A3B0B38897C0}.Release|Win32.ActiveCfg = Release|Win32
		{DE1C6785-25E9-4831-BD3F-A3B0B38897C0}.Release|Win32.Build.0 = Release|Win32
		{1F7DE772-C7BF-48B3-875D-BF16B96DEBB0}.Debug|Any CPU.ActiveCfg = Debug|Win32
		{1F7DE772-C7BF-48B3-875D-BF16B96DEBB0}.Debug|Mixed Platforms.ActiveCfg = Debug|Win32
		{1F7DE772-C7BF-48B3-875D-BF16B96DEBB0}.Debug|Mixed Platforms.Build.0 = Debug|Win32
		{1F7DE772-C7BF-48B3-875D-BF16B96DEBB0}.Debug|Win32.ActiveCfg = Debug|Win32
		{1F7DE772-C7BF-48B3-875D-BF16B96DEBB0}.Debug|Win32.Build.0 = Debug|Win32
		{1F7DE772-C7BF-48B3-875D-BF16B96DEBB0}.Release|Any CPU.ActiveCfg = Release|Win32
		{1F7DE772-C7BF-48B3-875D-BF16B96DEBB0}.Release|Mixed Platforms.ActiveCfg = Release|Win32
		{1F7DE772-C7BF-48B3-875D-BF16B96DEBB0}.Release|Mixed Platforms.Build.0 = Release|Win32
		{1F7DE772-C7BF-48B3-875D-BF16B96DEBB0}.Release|Win32.ActiveCfg = Release|Win32
		{1F7DE772-C7BF-48B3-875D-BF16B96DEBB0}.Release|Win32.Build.0 = Release|Win32
		{7982C01A-6F82-44F4-ABB7-A75AE625248D}.Debug|Any CPU.ActiveCfg = Debug|Win32
		{7982C01A-6F82-44F4-ABB7-A75AE625248D}.Debug|Mixed Platforms.ActiveCfg = Debug|Win32
		{7982C01A-6F82-44F4-ABB7-A75AE625248D}.Debug|Mixed Platforms.Build.0 = Debug|Win32
		{7982C01A-6F82-44F4-ABB7-A75AE625248D}.Debug|Win32.ActiveCfg = Debug|Win32
		{7982C01A-6F82-44F4-ABB7-A75AE625248D}.Debug|Win32.Build.0 = Debug|Win32
		{7982C01A-6F82-44F4-ABB7-A75AE625248D}.Release|Any CPU.ActiveCfg = Release|Win32
		{7982C01A-6F82-44F4-ABB7-A75AE625248D}.Release|Mixed Platforms.ActiveCfg = Release|Win32
		{7982C01A-6F82-44F4-ABB7-A75AE625248D}.Release|Mixed Platforms.Build.0 = Release|Win32
		{7982C01A-6F82-44F4-ABB7-A75AE625248D}.Release|Win32.ActiveCfg = Release|Win32
		{7982C01A-6F82-44F4-ABB7-A75AE625248D}.Release|Win32.Build.0 = Release|Win32
		{993EB5A8-B6D9-4D39-B54E-2315E0E33654}.Debug|Any CPU.ActiveCfg = Debug|Win32
		{993EB5A8-B6D9-4D39-B54E-2315E0E33654}.Debug|Mixed Platforms.ActiveCfg = Debug|Win32
		{993EB5A8-B6D9-4D39-B54E-2315E0E33654}.Debug|Mixed Platforms.Build.0 = Debug|Win32
		{993EB5A8-B6D9-4D39-B54E-2315E0E33654}.Debug|Win32.ActiveCfg = Debug|Win32
		{993EB5A8-B6D9-4D39-B54E-2315E0E33654}.Debug|Win32.Build.0 = Debug|Win32
		{993EB5A8-B6D9-4D39-B54E-2315E0E33654}.Release|Any CPU.ActiveCfg = Release|Win32
		{993EB5A8-B6D9-4D39-B54E-2315E0E33654}.Release|Mixed Platforms.ActiveCfg = Release|Win32
		{993EB5A8-B6D9-4D39-B54E-2315E0E33654}.Release|Mixed Platforms.Build.0 = Release|Win32
		{993EB5A8-B6D9-4D39-B54E-2315E0E33654}.Release|Win32.ActiveCfg = Release|Win32
		{993EB5A8-B6D9-4D39-B54E-2315E0E33654}.Release|Win32.Build.0 = Release|Win32
		{8369562D-6C68-4FEF-A3C0-645CFA8A8B4F}.Debug|Any CPU.ActiveCfg = Debug|Win32
		{8369562D-6C68-4FEF-A3C0-645CFA8A8B4F}.Debug|Mixed Platforms.ActiveCfg = Debug|Win32
		{8369562D-6C68-4FEF-A3C0-645CFA8A8B4F}.Debug|Mixed Platforms.Build.0 = Debug|Win32
		{8369562D-6C68-4FEF-A3C0-645CFA8A8B4F}.Debug|Win32.ActiveCfg = Debug|Win32
		{8369562D-6C68-4FEF-A3C0-645CFA8A8B4F}.Debug|Win32.Build.0 = Debug|Win32
		{8369562D-6C68-4FEF-A3C0-645CFA8A8B4F}.Release|Any CPU.ActiveCfg = Release|Win32
		{8369562D-6C68-4FEF-A3C0-645CFA8A8B4F}.Release|Mixed Platforms.ActiveCfg = Release|Win32
		{8369562D-6C68-4FEF-A3C0-645CFA8A8B4F}.Release|Mixed Platforms.Build.0 = Release|Win32
		{8369562D-6C68-4FEF-A3C0-645CFA8A8B4F}.Release|Win32.ActiveCfg = Release|Win32
		{8369562D-6C68-4FEF-A3C0-645CFA8A8B4F}.Release|Win32.Build.0 = Release|Win32
		{E5084452-28A8-494D-8778-6807F239DB98}.Debug|Any CPU.ActiveCfg = Debug|Win32
		{E5084452-28A8-494D-8778-6807F239DB98}.Debug|Mixed Platforms.ActiveCfg = Debug|Win32
		{E5084452-28A8-494D-8778-6807F239DB98}.Debug|Mixed Platforms.Build.0 = Debug|Win32
		{E5084452-28A8-494D-8778-6807F239DB98}.Debug|Win32.ActiveCfg = Debug|Win32
		{E5084452-28A8-494D-8778-6807F239DB98}.Debug|Win32.Build.0 = Debug|Win32
		{E5084452-28A8-494D-8778-6807F239DB98}.Release|Any CPU.ActiveCfg = Release|Win32
		{E5084452-28A8-494D-8778-6807F239DB98}.Release|Mixed Platforms.ActiveCfg = Release|Win32
		{E5084452-28A8-494D-8778-6807F239DB98}.Release|Mixed Platforms.Build.0 = Release|Win32
		{E5084452-28A8-494D-8778-6807F239DB98}.Release|Win32.ActiveCfg = Release|Win32
		{E5084452-28A8-494D-8778-6807F239DB98}.Release|Win32.Build.0 = Release|Win32
		{3E78EAAB-E349-47F8-A35E-E9526C2B1BBD}.Debug|Any CPU.ActiveCfg = Debug|Win32
		{3E78EAAB-E349-47F8-A35E-E9526C2B1BBD}.Debug|Mixed Platforms.ActiveCfg = Debug|Win32
		{3E78EAAB-E349-47F8-A35E-E9526C2B1BBD}.Debug|Mixed Platforms.Build.0 = Debug|Win32
		{3E78EAAB-E349-47F8-A35E-E9526C2B1BBD}.Debug|Win32.ActiveCfg = Debug|Win32
		{3E78EAAB-E349-47F8-A35E-E9526C2B1BBD}.Debug|Win32.Build.0 = Debug|Win32
		{3E78EAAB-E349-47F8-A35E-E9526C2B1BBD}.Release|Any CPU.ActiveCfg = Release|Win32
		{3E78EAAB-E349-47F8-A35E-E9526C2B1BBD}.Release|Mixed Platforms.ActiveCfg = Release|Win32
		{3E78EAAB-E349-47F8-A35E-E9526C2B1BBD}.Release|Mixed Platforms.Build.0 = Release|Win32
		{3E78EAAB-E349-47F8-A35E-E9526C2B1BBD}.Release|Win32.ActiveCfg = Release|Win32
		{3E78EAAB-E349-47F8-A35E-E9526C2B1BBD}.Release|Win32.Build.0 = Release|Win32
		{4D2C0B57-82D6-438E-B7E7-647839E70B76}.Debug|Any CPU.ActiveCfg = Debug|Win32
		{4D2C0B57-82D6-438E-B7E7-647839E70B76}.Debug|Mixed Platforms.ActiveCfg = Debug|Win32
		{4D2C0B57-82D6-438E-B7E7-647839E70B76}.Debug|Mixed Platforms.Build.0 = Debug|Win32
		{4D2C0B57-82D6-438E-B7E7-647839E70B76}.Debug|Win32.ActiveCfg = Debug|Win32
		{4D2C0B57-82D6-438E-B7E7-647839E70B76}.Debug|Win32.Build.0 = Debug|Win32
		{4D2C0B57-82D6-438E-B7E7-647839E70B76}.Release|Any CPU.ActiveCfg = Release|Win32
		{4D2C0B57-82D6-438E-B7E7-647839E70B76}.Release|Mixed Platforms.ActiveCfg = Release|Win32
		{4D2C0B57-82D6-438E-B7E7-647839E70B76}.Release|Mixed Platforms.Build.0 = Release|Win32
		{4D2C0B57-82D6-438E-B7E7-647839E70B76}.Release|Win32.ActiveCfg = Release|Win32
		{4D2C0B57-82D6-438E-B7E7-647839E70B76}.Release|Win32.Build.0 = Release|Win32
		{B88366B6-ADDD-487B-9E6E-D1C651EA81C7}.Debug|Any CPU.ActiveCfg = Debug|Win32
		{B88366B6-ADDD-487B-9E6E-D1C651EA81C7}.Debug|Mixed Platforms.ActiveCfg = Debug|Win32
		{B88366B6-ADDD-487B-9E6E-D1C651EA81C7}.Debug|Mixed Platforms.Build.0 = Debug|Win32
		{B88366B6-ADDD-487B-9E6E-D1C651EA81C7}.Debug|Win32.ActiveCfg = Debug|Win32
		{B88366B6-ADDD-487B-9E6E-D1C651EA81C7}.Debug|Win32.Build.0 = Debug|Win32
		{B88366B6-ADDD-487B-9E6E-D1C651EA81C7}.Release|Any CPU.ActiveCfg = Release|Win32
		{B88366B6-ADDD-487B-9E6E-D1C651EA81C7}.Release|Mixed Platforms.ActiveCfg = Release|Win32
		{B88366B6-ADDD-487B-9E6E-D1C651EA81C7}.Release|Mixed Platforms.Build.0 = Release|Win32
		{B88366B6-ADDD-487B-9E6E-D1C651EA81C7}.Release|Win32.ActiveCfg = Release|Win32
		{B88366B6-ADDD-487B-9E6E-D1C651EA81C7}.Release|Win32.Build.0 = Release|Win32
	EndGlobalSection
	GlobalSection(SolutionProperties) = preSolution
		HideSolutionNode = FALSE
	EndGlobalSection
EndGlobal
