
Microsoft Visual Studio Solution File, Format Version 12.00
# Visual Studio Express 2012 for Windows Desktop
Project("{2150E333-8FDC-42A3-9474-1A3956D46DE8}") = "Brush", "Brush", "{E87ED2E7-DFC3-4424-8D35-287CA4A04D43}"
EndProject
Project("{2150E333-8FDC-42A3-9474-1A3956D46DE8}") = "Demos", "Demos", "{072EB3D1-90CF-4148-BB11-8D1D0C52D3E2}"
EndProject
Project("{2150E333-8FDC-42A3-9474-1A3956D46DE8}") = "Geometry", "Geometry", "{D95D4B37-4450-450B-BCB8-D97F75CCB94E}"
EndProject
Project("{2150E333-8FDC-42A3-9474-1A3956D46DE8}") = "Layers", "Layers", "{95A38B9B-6F4A-4937-BEA8-69D2A8A8D8C2}"
EndProject
Project("{8BC9CEB8-8B4A-11D0-8D11-00A0C91BC942}") = "DrawRectangle", "DrawRectangle\DrawRectangle.vcxproj", "{87302960-4145-4C02-92FD-B5BA88BADEC0}"
EndProject
Project("{8BC9CEB8-8B4A-11D0-8D11-00A0C91BC942}") = "LoadBitmap", "Bitmap\Bitmap.vcxproj", "{FADE5AE3-47A5-406B-BAD3-3C77EE61AE2D}"
EndProject
Project("{8BC9CEB8-8B4A-11D0-8D11-00A0C91BC942}") = "SolidColorBrush", "SolidColorBrush\SolidColorBrush.vcxproj", "{7CCE890B-11E5-457D-BE2D-4F82663E16A9}"
EndProject
Project("{8BC9CEB8-8B4A-11D0-8D11-00A0C91BC942}") = "LinearGradientBrush", "LinearGradientBrush\LinearGradientBrush.vcxproj", "{7234CE35-522C-432D-90F1-4B168D0B3F7E}"
EndProject
Project("{8BC9CEB8-8B4A-11D0-8D11-00A0C91BC942}") = "RadialGradientBrush", "RadialGradientBrush\RadialGradientBrush.vcxproj", "{3FC917D5-7E2F-48F8-9A42-671027FF6E97}"
EndProject
Project("{8BC9CEB8-8B4A-11D0-8D11-00A0C91BC942}") = "Clock", "Clock\Clock.vcxproj", "{5D72BE91-EDAE-469E-A40D-EF4A6ABC8A88}"
EndProject
Project("{8BC9CEB8-8B4A-11D0-8D11-00A0C91BC942}") = "PathGeometry", "PathGeometry\PathGeometry.vcxproj", "{BAB58A41-E573-4C0D-9980-C661A927F5DA}"
EndProject
Project("{8BC9CEB8-8B4A-11D0-8D11-00A0C91BC942}") = "JigsawPuzzle", "JigsawPuzzle\JigsawPuzzle.vcxproj", "{4ED01F4C-865E-4A3C-BF8E-0E5FFE9934FC}"
EndProject
Project("{8BC9CEB8-8B4A-11D0-8D11-00A0C91BC942}") = "PuzzlePanel", "PuzzlePanel\PuzzlePanel.vcxproj", "{5B923DFD-0FA9-4709-9E0F-B7324981F4FB}"
EndProject
Project("{8BC9CEB8-8B4A-11D0-8D11-00A0C91BC942}") = "Basic", "Basic\Basic.vcxproj", "{6ACBD325-BB49-4942-AA43-42E41A2FD372}"
EndProject
Project("{2150E333-8FDC-42A3-9474-1A3956D46DE8}") = "Transform", "Transform", "{E7D77D35-CD1A-4C76-A508-E15D4139C37F}"
EndProject
Project("{2150E333-8FDC-42A3-9474-1A3956D46DE8}") = "Geometry_Transform", "Geometry_Transform", "{ECCBD638-4328-4274-BD2A-BC7E71350219}"
EndProject
Project("{2150E333-8FDC-42A3-9474-1A3956D46DE8}") = "Rendertarget_Transform", "Rendertarget_Transform", "{6C02B868-C3B9-4AB9-85F3-AF42B4FD6DA0}"
EndProject
Project("{2150E333-8FDC-42A3-9474-1A3956D46DE8}") = "Brush_Transform", "Brush_Transform", "{CBCDBABA-F20C-466A-9E52-A6D0401B0F5D}"
EndProject
Project("{8BC9CEB8-8B4A-11D0-8D11-00A0C91BC942}") = "Geometry_Translation", "Geometry_Translation\Geometry_Translation.vcxproj", "{F1034E0D-2BA5-4486-95BC-6BADA06D6658}"
EndProject
Project("{8BC9CEB8-8B4A-11D0-8D11-00A0C91BC942}") = "Rendertarget_Translation", "Rendertarget_Translation\Rendertarget_Translation.vcxproj", "{3B4E16C0-25E7-4173-A000-9964298F9032}"
EndProject
Project("{8BC9CEB8-8B4A-11D0-8D11-00A0C91BC942}") = "Rectangle", "Rectangle\Rectangle.vcxproj", "{512C3EEB-6CF2-410E-97EC-2C9B8B77E6D6}"
EndProject
Project("{8BC9CEB8-8B4A-11D0-8D11-00A0C91BC942}") = "Brush_Translation", "Brush_Translation\Brush_Translation.vcxproj", "{0BE9E688-AA55-45C0-80A4-EC34DE38938A}"
EndProject
Project("{8BC9CEB8-8B4A-11D0-8D11-00A0C91BC942}") = "Multiple_Objects", "Multiple_Objects\Multiple_Objects.vcxproj", "{D673A148-107C-4A28-92F6-BD84E82F8A12}"
EndProject
Project("{2150E333-8FDC-42A3-9474-1A3956D46DE8}") = "Bitmap", "Bitmap", "{AF7F0CCC-12A8-4E46-8AD5-187B6EBF8974}"
EndProject
Project("{8BC9CEB8-8B4A-11D0-8D11-00A0C91BC942}") = "RoundRectangleWithGradientBrush", "RoundRectangleWithGradientBrush\RoundRectangleWithGradientBrush.vcxproj", "{AA602723-B2CE-44CF-8F26-E3BAA1387BFC}"
EndProject
Project("{2150E333-8FDC-42A3-9474-1A3956D46DE8}") = "Interoperability", "Interoperability", "{DC773221-6CCC-4816-B8B7-07FF545599B1}"
EndProject
Project("{8BC9CEB8-8B4A-11D0-8D11-00A0C91BC942}") = "Interoperate_with_D3D", "Interoperate_with_D3D\Interoperate_with_D3D.vcxproj", "{440CEA80-5113-4CF7-97D2-98B021354383}"
EndProject
Project("{8BC9CEB8-8B4A-11D0-8D11-00A0C91BC942}") = "OpacityMask_Rectangle", "OpacityMask\OpacityMask.vcxproj", "{8D6127E9-3622-4947-A09E-64D1408C0AAA}"
EndProject
Project("{8BC9CEB8-8B4A-11D0-8D11-00A0C91BC942}") = "OpacityMask_RadiusBrush", "OpacityMask_RadiusBrush\OpacityMask_RadiusBrush.vcxproj", "{BFBA4DB0-05FB-4BD6-ABD3-F967CD128140}"
EndProject
Project("{8BC9CEB8-8B4A-11D0-8D11-00A0C91BC942}") = "Interoperability_with_GDI", "Interoperability_with_GDI\Interoperability_with_GDI.vcxproj", "{D6B17442-A6B2-453A-A7F9-094F47805F47}"
EndProject
Project("{8BC9CEB8-8B4A-11D0-8D11-00A0C91BC942}") = "Circular_Progressbar", "Circular_Progressbar\Circular_Progressbar.vcxproj", "{A012EEB6-24E5-4E4C-BFBB-16A98791487B}"
EndProject
Project("{8BC9CEB8-8B4A-11D0-8D11-00A0C91BC942}") = "Geometry_Group", "Geometry_Group\Geometry_Group.vcxproj", "{AB5739D5-171E-4DD9-BE5A-AB8318594770}"
EndProject
Global
	GlobalSection(SolutionConfigurationPlatforms) = preSolution
		Debug|Win32 = Debug|Win32
		Release|Win32 = Release|Win32
	EndGlobalSection
	GlobalSection(ProjectConfigurationPlatforms) = postSolution
		{87302960-4145-4C02-92FD-B5BA88BADEC0}.Debug|Win32.ActiveCfg = Debug|Win32
		{87302960-4145-4C02-92FD-B5BA88BADEC0}.Debug|Win32.Build.0 = Debug|Win32
		{87302960-4145-4C02-92FD-B5BA88BADEC0}.Release|Win32.ActiveCfg = Release|Win32
		{87302960-4145-4C02-92FD-B5BA88BADEC0}.Release|Win32.Build.0 = Release|Win32
		{FADE5AE3-47A5-406B-BAD3-3C77EE61AE2D}.Debug|Win32.ActiveCfg = Debug|Win32
		{FADE5AE3-47A5-406B-BAD3-3C77EE61AE2D}.Debug|Win32.Build.0 = Debug|Win32
		{FADE5AE3-47A5-406B-BAD3-3C77EE61AE2D}.Release|Win32.ActiveCfg = Release|Win32
		{FADE5AE3-47A5-406B-BAD3-3C77EE61AE2D}.Release|Win32.Build.0 = Release|Win32
		{7CCE890B-11E5-457D-BE2D-4F82663E16A9}.Debug|Win32.ActiveCfg = Debug|Win32
		{7CCE890B-11E5-457D-BE2D-4F82663E16A9}.Debug|Win32.Build.0 = Debug|Win32
		{7CCE890B-11E5-457D-BE2D-4F82663E16A9}.Release|Win32.ActiveCfg = Release|Win32
		{7CCE890B-11E5-457D-BE2D-4F82663E16A9}.Release|Win32.Build.0 = Release|Win32
		{7234CE35-522C-432D-90F1-4B168D0B3F7E}.Debug|Win32.ActiveCfg = Debug|Win32
		{7234CE35-522C-432D-90F1-4B168D0B3F7E}.Debug|Win32.Build.0 = Debug|Win32
		{7234CE35-522C-432D-90F1-4B168D0B3F7E}.Release|Win32.ActiveCfg = Release|Win32
		{7234CE35-522C-432D-90F1-4B168D0B3F7E}.Release|Win32.Build.0 = Release|Win32
		{3FC917D5-7E2F-48F8-9A42-671027FF6E97}.Debug|Win32.ActiveCfg = Debug|Win32
		{3FC917D5-7E2F-48F8-9A42-671027FF6E97}.Debug|Win32.Build.0 = Debug|Win32
		{3FC917D5-7E2F-48F8-9A42-671027FF6E97}.Release|Win32.ActiveCfg = Release|Win32
		{3FC917D5-7E2F-48F8-9A42-671027FF6E97}.Release|Win32.Build.0 = Release|Win32
		{5D72BE91-EDAE-469E-A40D-EF4A6ABC8A88}.Debug|Win32.ActiveCfg = Debug|Win32
		{5D72BE91-EDAE-469E-A40D-EF4A6ABC8A88}.Debug|Win32.Build.0 = Debug|Win32
		{5D72BE91-EDAE-469E-A40D-EF4A6ABC8A88}.Release|Win32.ActiveCfg = Release|Win32
		{5D72BE91-EDAE-469E-A40D-EF4A6ABC8A88}.Release|Win32.Build.0 = Release|Win32
		{BAB58A41-E573-4C0D-9980-C661A927F5DA}.Debug|Win32.ActiveCfg = Debug|Win32
		{BAB58A41-E573-4C0D-9980-C661A927F5DA}.Debug|Win32.Build.0 = Debug|Win32
		{BAB58A41-E573-4C0D-9980-C661A927F5DA}.Release|Win32.ActiveCfg = Release|Win32
		{BAB58A41-E573-4C0D-9980-C661A927F5DA}.Release|Win32.Build.0 = Release|Win32
		{4ED01F4C-865E-4A3C-BF8E-0E5FFE9934FC}.Debug|Win32.ActiveCfg = Debug|Win32
		{4ED01F4C-865E-4A3C-BF8E-0E5FFE9934FC}.Debug|Win32.Build.0 = Debug|Win32
		{4ED01F4C-865E-4A3C-BF8E-0E5FFE9934FC}.Release|Win32.ActiveCfg = Release|Win32
		{4ED01F4C-865E-4A3C-BF8E-0E5FFE9934FC}.Release|Win32.Build.0 = Release|Win32
		{5B923DFD-0FA9-4709-9E0F-B7324981F4FB}.Debug|Win32.ActiveCfg = Debug|Win32
		{5B923DFD-0FA9-4709-9E0F-B7324981F4FB}.Debug|Win32.Build.0 = Debug|Win32
		{5B923DFD-0FA9-4709-9E0F-B7324981F4FB}.Release|Win32.ActiveCfg = Release|Win32
		{5B923DFD-0FA9-4709-9E0F-B7324981F4FB}.Release|Win32.Build.0 = Release|Win32
		{6ACBD325-BB49-4942-AA43-42E41A2FD372}.Debug|Win32.ActiveCfg = Debug|Win32
		{6ACBD325-BB49-4942-AA43-42E41A2FD372}.Debug|Win32.Build.0 = Debug|Win32
		{6ACBD325-BB49-4942-AA43-42E41A2FD372}.Release|Win32.ActiveCfg = Release|Win32
		{6ACBD325-BB49-4942-AA43-42E41A2FD372}.Release|Win32.Build.0 = Release|Win32
		{F1034E0D-2BA5-4486-95BC-6BADA06D6658}.Debug|Win32.ActiveCfg = Debug|Win32
		{F1034E0D-2BA5-4486-95BC-6BADA06D6658}.Debug|Win32.Build.0 = Debug|Win32
		{F1034E0D-2BA5-4486-95BC-6BADA06D6658}.Release|Win32.ActiveCfg = Release|Win32
		{F1034E0D-2BA5-4486-95BC-6BADA06D6658}.Release|Win32.Build.0 = Release|Win32
		{3B4E16C0-25E7-4173-A000-9964298F9032}.Debug|Win32.ActiveCfg = Debug|Win32
		{3B4E16C0-25E7-4173-A000-9964298F9032}.Debug|Win32.Build.0 = Debug|Win32
		{3B4E16C0-25E7-4173-A000-9964298F9032}.Release|Win32.ActiveCfg = Release|Win32
		{3B4E16C0-25E7-4173-A000-9964298F9032}.Release|Win32.Build.0 = Release|Win32
		{512C3EEB-6CF2-410E-97EC-2C9B8B77E6D6}.Debug|Win32.ActiveCfg = Debug|Win32
		{512C3EEB-6CF2-410E-97EC-2C9B8B77E6D6}.Debug|Win32.Build.0 = Debug|Win32
		{512C3EEB-6CF2-410E-97EC-2C9B8B77E6D6}.Release|Win32.ActiveCfg = Release|Win32
		{512C3EEB-6CF2-410E-97EC-2C9B8B77E6D6}.Release|Win32.Build.0 = Release|Win32
		{0BE9E688-AA55-45C0-80A4-EC34DE38938A}.Debug|Win32.ActiveCfg = Debug|Win32
		{0BE9E688-AA55-45C0-80A4-EC34DE38938A}.Debug|Win32.Build.0 = Debug|Win32
		{0BE9E688-AA55-45C0-80A4-EC34DE38938A}.Release|Win32.ActiveCfg = Release|Win32
		{0BE9E688-AA55-45C0-80A4-EC34DE38938A}.Release|Win32.Build.0 = Release|Win32
		{D673A148-107C-4A28-92F6-BD84E82F8A12}.Debug|Win32.ActiveCfg = Debug|Win32
		{D673A148-107C-4A28-92F6-BD84E82F8A12}.Debug|Win32.Build.0 = Debug|Win32
		{D673A148-107C-4A28-92F6-BD84E82F8A12}.Release|Win32.ActiveCfg = Release|Win32
		{D673A148-107C-4A28-92F6-BD84E82F8A12}.Release|Win32.Build.0 = Release|Win32
		{AA602723-B2CE-44CF-8F26-E3BAA1387BFC}.Debug|Win32.ActiveCfg = Debug|Win32
		{AA602723-B2CE-44CF-8F26-E3BAA1387BFC}.Debug|Win32.Build.0 = Debug|Win32
		{AA602723-B2CE-44CF-8F26-E3BAA1387BFC}.Release|Win32.ActiveCfg = Release|Win32
		{AA602723-B2CE-44CF-8F26-E3BAA1387BFC}.Release|Win32.Build.0 = Release|Win32
		{440CEA80-5113-4CF7-97D2-98B021354383}.Debug|Win32.ActiveCfg = Debug|Win32
		{440CEA80-5113-4CF7-97D2-98B021354383}.Debug|Win32.Build.0 = Debug|Win32
		{440CEA80-5113-4CF7-97D2-98B021354383}.Release|Win32.ActiveCfg = Release|Win32
		{440CEA80-5113-4CF7-97D2-98B021354383}.Release|Win32.Build.0 = Release|Win32
		{8D6127E9-3622-4947-A09E-64D1408C0AAA}.Debug|Win32.ActiveCfg = Debug|Win32
		{8D6127E9-3622-4947-A09E-64D1408C0AAA}.Debug|Win32.Build.0 = Debug|Win32
		{8D6127E9-3622-4947-A09E-64D1408C0AAA}.Release|Win32.ActiveCfg = Release|Win32
		{8D6127E9-3622-4947-A09E-64D1408C0AAA}.Release|Win32.Build.0 = Release|Win32
		{BFBA4DB0-05FB-4BD6-ABD3-F967CD128140}.Debug|Win32.ActiveCfg = Debug|Win32
		{BFBA4DB0-05FB-4BD6-ABD3-F967CD128140}.Debug|Win32.Build.0 = Debug|Win32
		{BFBA4DB0-05FB-4BD6-ABD3-F967CD128140}.Release|Win32.ActiveCfg = Release|Win32
		{BFBA4DB0-05FB-4BD6-ABD3-F967CD128140}.Release|Win32.Build.0 = Release|Win32
		{D6B17442-A6B2-453A-A7F9-094F47805F47}.Debug|Win32.ActiveCfg = Debug|Win32
		{D6B17442-A6B2-453A-A7F9-094F47805F47}.Debug|Win32.Build.0 = Debug|Win32
		{D6B17442-A6B2-453A-A7F9-094F47805F47}.Release|Win32.ActiveCfg = Release|Win32
		{D6B17442-A6B2-453A-A7F9-094F47805F47}.Release|Win32.Build.0 = Release|Win32
		{A012EEB6-24E5-4E4C-BFBB-16A98791487B}.Debug|Win32.ActiveCfg = Debug|Win32
		{A012EEB6-24E5-4E4C-BFBB-16A98791487B}.Debug|Win32.Build.0 = Debug|Win32
		{A012EEB6-24E5-4E4C-BFBB-16A98791487B}.Release|Win32.ActiveCfg = Release|Win32
		{A012EEB6-24E5-4E4C-BFBB-16A98791487B}.Release|Win32.Build.0 = Release|Win32
		{AB5739D5-171E-4DD9-BE5A-AB8318594770}.Debug|Win32.ActiveCfg = Debug|Win32
		{AB5739D5-171E-4DD9-BE5A-AB8318594770}.Debug|Win32.Build.0 = Debug|Win32
		{AB5739D5-171E-4DD9-BE5A-AB8318594770}.Release|Win32.ActiveCfg = Release|Win32
		{AB5739D5-171E-4DD9-BE5A-AB8318594770}.Release|Win32.Build.0 = Release|Win32
	EndGlobalSection
	GlobalSection(SolutionProperties) = preSolution
		HideSolutionNode = FALSE
	EndGlobalSection
	GlobalSection(NestedProjects) = preSolution
		{7CCE890B-11E5-457D-BE2D-4F82663E16A9} = {E87ED2E7-DFC3-4424-8D35-287CA4A04D43}
		{7234CE35-522C-432D-90F1-4B168D0B3F7E} = {E87ED2E7-DFC3-4424-8D35-287CA4A04D43}
		{3FC917D5-7E2F-48F8-9A42-671027FF6E97} = {E87ED2E7-DFC3-4424-8D35-287CA4A04D43}
		{5D72BE91-EDAE-469E-A40D-EF4A6ABC8A88} = {072EB3D1-90CF-4148-BB11-8D1D0C52D3E2}
		{4ED01F4C-865E-4A3C-BF8E-0E5FFE9934FC} = {072EB3D1-90CF-4148-BB11-8D1D0C52D3E2}
		{5B923DFD-0FA9-4709-9E0F-B7324981F4FB} = {072EB3D1-90CF-4148-BB11-8D1D0C52D3E2}
		{A012EEB6-24E5-4E4C-BFBB-16A98791487B} = {072EB3D1-90CF-4148-BB11-8D1D0C52D3E2}
		{BAB58A41-E573-4C0D-9980-C661A927F5DA} = {D95D4B37-4450-450B-BCB8-D97F75CCB94E}
		{512C3EEB-6CF2-410E-97EC-2C9B8B77E6D6} = {D95D4B37-4450-450B-BCB8-D97F75CCB94E}
		{AA602723-B2CE-44CF-8F26-E3BAA1387BFC} = {D95D4B37-4450-450B-BCB8-D97F75CCB94E}
		{AB5739D5-171E-4DD9-BE5A-AB8318594770} = {D95D4B37-4450-450B-BCB8-D97F75CCB94E}
		{6ACBD325-BB49-4942-AA43-42E41A2FD372} = {95A38B9B-6F4A-4937-BEA8-69D2A8A8D8C2}
		{8D6127E9-3622-4947-A09E-64D1408C0AAA} = {95A38B9B-6F4A-4937-BEA8-69D2A8A8D8C2}
		{BFBA4DB0-05FB-4BD6-ABD3-F967CD128140} = {95A38B9B-6F4A-4937-BEA8-69D2A8A8D8C2}
		{FADE5AE3-47A5-406B-BAD3-3C77EE61AE2D} = {AF7F0CCC-12A8-4E46-8AD5-187B6EBF8974}
		{ECCBD638-4328-4274-BD2A-BC7E71350219} = {E7D77D35-CD1A-4C76-A508-E15D4139C37F}
		{6C02B868-C3B9-4AB9-85F3-AF42B4FD6DA0} = {E7D77D35-CD1A-4C76-A508-E15D4139C37F}
		{CBCDBABA-F20C-466A-9E52-A6D0401B0F5D} = {E7D77D35-CD1A-4C76-A508-E15D4139C37F}
		{D673A148-107C-4A28-92F6-BD84E82F8A12} = {E7D77D35-CD1A-4C76-A508-E15D4139C37F}
		{F1034E0D-2BA5-4486-95BC-6BADA06D6658} = {ECCBD638-4328-4274-BD2A-BC7E71350219}
		{3B4E16C0-25E7-4173-A000-9964298F9032} = {6C02B868-C3B9-4AB9-85F3-AF42B4FD6DA0}
		{0BE9E688-AA55-45C0-80A4-EC34DE38938A} = {CBCDBABA-F20C-466A-9E52-A6D0401B0F5D}
		{440CEA80-5113-4CF7-97D2-98B021354383} = {DC773221-6CCC-4816-B8B7-07FF545599B1}
		{D6B17442-A6B2-453A-A7F9-094F47805F47} = {DC773221-6CCC-4816-B8B7-07FF545599B1}
	EndGlobalSection
EndGlobal
